
Microsoft Visual Studio Solution File, Format Version 12.00
# Visual Studio Version 16
VisualStudioVersion = 16.0.30011.22
MinimumVisualStudioVersion = 10.0.40219.1
Project("{9A19103F-16F7-4668-BE54-9A1E7A4F7556}") = "FlashCards.WebAPI", "FlashCards.WebAPI\FlashCards.WebAPI.csproj", "{02D4890B-0BFA-4947-9DF0-DF857F5A49BC}"
EndProject
Project("{9A19103F-16F7-4668-BE54-9A1E7A4F7556}") = "FlashCards.Data", "FlashCards.Data\FlashCards.Data.csproj", "{A983363A-F55A-421C-A420-0D5971F3C2C3}"
EndProject
Project("{9A19103F-16F7-4668-BE54-9A1E7A4F7556}") = "FlashCards.Services", "FlashCards.Services\FlashCards.Services.csproj", "{A4F091E2-FC06-42B1-99F0-C9CC501A464F}"
EndProject
Project("{9A19103F-16F7-4668-BE54-9A1E7A4F7556}") = "FlashCards.Models", "FlashCards.Models\FlashCards.Models.csproj", "{E9F727EA-A8D3-44FF-89E4-206EC7DE8720}"
EndProject
Project("{FAE04EC0-301F-11D3-BF4B-00C04F79EFBC}") = "FlashCards.Helpers", "FlashCards.Helpers\FlashCards.Helpers.csproj", "{E5BB1307-C3EE-4E9F-8FC7-60557C95ED1B}"
EndProject
Global
	GlobalSection(SolutionConfigurationPlatforms) = preSolution
		Debug|Any CPU = Debug|Any CPU
		Release|Any CPU = Release|Any CPU
	EndGlobalSection
	GlobalSection(ProjectConfigurationPlatforms) = postSolution
		{02D4890B-0BFA-4947-9DF0-DF857F5A49BC}.Debug|Any CPU.ActiveCfg = Debug|Any CPU
		{02D4890B-0BFA-4947-9DF0-DF857F5A49BC}.Debug|Any CPU.Build.0 = Debug|Any CPU
		{02D4890B-0BFA-4947-9DF0-DF857F5A49BC}.Release|Any CPU.ActiveCfg = Release|Any CPU
		{02D4890B-0BFA-4947-9DF0-DF857F5A49BC}.Release|Any CPU.Build.0 = Release|Any CPU
		{A983363A-F55A-421C-A420-0D5971F3C2C3}.Debug|Any CPU.ActiveCfg = Debug|Any CPU
		{A983363A-F55A-421C-A420-0D5971F3C2C3}.Debug|Any CPU.Build.0 = Debug|Any CPU
		{A983363A-F55A-421C-A420-0D5971F3C2C3}.Release|Any CPU.ActiveCfg = Release|Any CPU
		{A983363A-F55A-421C-A420-0D5971F3C2C3}.Release|Any CPU.Build.0 = Release|Any CPU
		{A4F091E2-FC06-42B1-99F0-C9CC501A464F}.Debug|Any CPU.ActiveCfg = Debug|Any CPU
		{A4F091E2-FC06-42B1-99F0-C9CC501A464F}.Debug|Any CPU.Build.0 = Debug|Any CPU
		{A4F091E2-FC06-42B1-99F0-C9CC501A464F}.Release|Any CPU.ActiveCfg = Release|Any CPU
		{A4F091E2-FC06-42B1-99F0-C9CC501A464F}.Release|Any CPU.Build.0 = Release|Any CPU
		{E9F727EA-A8D3-44FF-89E4-206EC7DE8720}.Debug|Any CPU.ActiveCfg = Debug|Any CPU
		{E9F727EA-A8D3-44FF-89E4-206EC7DE8720}.Debug|Any CPU.Build.0 = Debug|Any CPU
		{E9F727EA-A8D3-44FF-89E4-206EC7DE8720}.Release|Any CPU.ActiveCfg = Release|Any CPU
		{E9F727EA-A8D3-44FF-89E4-206EC7DE8720}.Release|Any CPU.Build.0 = Release|Any CPU
		{E5BB1307-C3EE-4E9F-8FC7-60557C95ED1B}.Debug|Any CPU.ActiveCfg = Debug|Any CPU
		{E5BB1307-C3EE-4E9F-8FC7-60557C95ED1B}.Debug|Any CPU.Build.0 = Debug|Any CPU
		{E5BB1307-C3EE-4E9F-8FC7-60557C95ED1B}.Release|Any CPU.ActiveCfg = Release|Any CPU
		{E5BB1307-C3EE-4E9F-8FC7-60557C95ED1B}.Release|Any CPU.Build.0 = Release|Any CPU
	EndGlobalSection
	GlobalSection(SolutionProperties) = preSolution
		HideSolutionNode = FALSE
	EndGlobalSection
	GlobalSection(ExtensibilityGlobals) = postSolution
		SolutionGuid = {F40333B0-4E7B-4D4C-85F0-D147680072E5}
	EndGlobalSection
EndGlobal
